
Microsoft Visual Studio Solution File, Format Version 12.00
# Visual Studio 2012
Project("{FAE04EC0-301F-11D3-BF4B-00C04F79EFBC}") = "Dog", "Dog\Dog.csproj", "{3DBC4A3D-4C23-46B6-8209-13898AAACB1D}"
EndProject
Global
	GlobalSection(SolutionConfigurationPlatforms) = preSolution
		Debug|Any CPU = Debug|Any CPU
		Release|Any CPU = Release|Any CPU
	EndGlobalSection
	GlobalSection(ProjectConfigurationPlatforms) = postSolution
		{3DBC4A3D-4C23-46B6-8209-13898AAACB1D}.Debug|Any CPU.ActiveCfg = Debug|Any CPU
		{3DBC4A3D-4C23-46B6-8209-13898AAACB1D}.Debug|Any CPU.Build.0 = Debug|Any CPU
		{3DBC4A3D-4C23-46B6-8209-13898AAACB1D}.Release|Any CPU.ActiveCfg = Release|Any CPU
		{3DBC4A3D-4C23-46B6-8209-13898AAACB1D}.Release|Any CPU.Build.0 = Release|Any CPU
	EndGlobalSection
EndGlobal
